
Microsoft Visual Studio Solution File, Format Version 12.00
# Visual Studio Version 16
VisualStudioVersion = 16.0.30907.101
MinimumVisualStudioVersion = 10.0.40219.1
Project("{FAE04EC0-301F-11D3-BF4B-00C04F79EFBC}") = "DesktopApp", "DesktopApp\DesktopApp.csproj", "{9838E1E7-A863-49E9-AC47-CC0305AF562E}"
EndProject
Global
	GlobalSection(SolutionConfigurationPlatforms) = preSolution
		Debug|Any CPU = Debug|Any CPU
		Release|Any CPU = Release|Any CPU
	EndGlobalSection
	GlobalSection(ProjectConfigurationPlatforms) = postSolution
		{9838E1E7-A863-49E9-AC47-CC0305AF562E}.Debug|Any CPU.ActiveCfg = Debug|Any CPU
		{9838E1E7-A863-49E9-AC47-CC0305AF562E}.Debug|Any CPU.Build.0 = Debug|Any CPU
		{9838E1E7-A863-49E9-AC47-CC0305AF562E}.Release|Any CPU.ActiveCfg = Release|Any CPU
		{9838E1E7-A863-49E9-AC47-CC0305AF562E}.Release|Any CPU.Build.0 = Release|Any CPU
	EndGlobalSection
	GlobalSection(SolutionProperties) = preSolution
		HideSolutionNode = FALSE
	EndGlobalSection
	GlobalSection(ExtensibilityGlobals) = postSolution
		SolutionGuid = {8A6EAE54-68E6-4BFF-8D48-6ED6F51738B6}
	EndGlobalSection
EndGlobal
